Microsoft Visual Studio Solution File, Format Version 12.00
# Visual Studio Version 17
VisualStudioVersion = 17.1.32210.238
MinimumVisualStudioVersion = 10.0.40219.1
Project("{9A19103F-16F7-4668-BE54-9A1E7A4F7556}") = "AVEVA.PA.MicroserviceTemplate.Web", "AVEVA.PA.MicroserviceTemplate.Web\AVEVA.PA.MicroserviceTemplate.Web.csproj", "{236CD3FA-7440-474C-994F-DD1FF94C488B}"
EndProject
Project("{9A19103F-16F7-4668-BE54-9A1E7A4F7556}") = "AVEVA.PA.MicroserviceTemplate.SharedKernel", "AVEVA.PA.MicroserviceTemplate.SharedKernel\AVEVA.PA.MicroserviceTemplate.SharedKernel.csproj", "{7219ABEF-7761-4F26-94B7-245450C3A809}"
EndProject
Project("{9A19103F-16F7-4668-BE54-9A1E7A4F7556}") = "AVEVA.PA.MicroserviceTemplate.Infrastructure", "AVEVA.PA.MicroserviceTemplate.Infrastructure\AVEVA.PA.MicroserviceTemplate.Infrastructure.csproj", "{AACB5B41-7A4C-4C33-A0BB-8B450185158E}"
EndProject
Project("{9A19103F-16F7-4668-BE54-9A1E7A4F7556}") = "AVEVA.PA.MicroserviceTemplate.Core", "AVEVA.PA.MicroserviceTemplate.Core\AVEVA.PA.MicroserviceTemplate.Core.csproj", "{8ACC67DB-C361-4E2D-A2DE-95094BBB297D}"
EndProject
Project("{9A19103F-16F7-4668-BE54-9A1E7A4F7556}") = "AVEVA.PA.MicroserviceTemplate.Application", "AVEVA.PA.MicroserviceTemplate.Application\AVEVA.PA.MicroserviceTemplate.Application.csproj", "{789DD3B8-8B21-4031-AF71-A4C949C9F027}"
EndProject
Project("{2150E333-8FDC-42A3-9474-1A3956D46DE8}") = "Common", "Common", "{3621FEB5-AFB4-4DDB-A38F-64B0508EB455}"
EndProject
Project("{9A19103F-16F7-4668-BE54-9A1E7A4F7556}") = "AVEVA.PA.Localization", "..\..\Common\AVEVA.PA.Localization\AVEVA.PA.Localization.csproj", "{A289F9EA-1FC3-4891-8315-2730555251A8}"
EndProject
Project("{9A19103F-16F7-4668-BE54-9A1E7A4F7556}") = "AVEVA.PA.Utility", "..\..\Common\AVEVA.PA.Utility\AVEVA.PA.Utility.csproj", "{36C03827-C239-452E-893A-2EBA92FFBDA4}"
EndProject
Project("{9A19103F-16F7-4668-BE54-9A1E7A4F7556}") = "AVEVA.PA.Exceptions", "..\..\Common\AVEVA.PA.Exceptions\AVEVA.PA.Exceptions.csproj", "{BC403E24-BD45-4876-96A0-8382ABFC86A4}"
EndProject
Project("{2150E333-8FDC-42A3-9474-1A3956D46DE8}") = "Tests", "Tests", "{ADE504B7-55CE-4355-A293-C42F4B0A006B}"
EndProject
Project("{9A19103F-16F7-4668-BE54-9A1E7A4F7556}") = "AVEVA.PA.Microservice.UnitTests", "AVEVA.PA.Microservice.UnitTests\AVEVA.PA.Microservice.UnitTests.csproj", "{1E5D369C-9504-4CDD-AE1D-BEA41093852B}"
EndProject
Project("{9A19103F-16F7-4668-BE54-9A1E7A4F7556}") = "AVEVA.PA.Logging", "..\..\Common\AVEVA.PA.Logging\AVEVA.PA.Logging.csproj", "{54ECF0A7-7528-41FA-9DFA-F786CD1982DF}"
EndProject
Project("{9A19103F-16F7-4668-BE54-9A1E7A4F7556}") = "AVEVA.PA.DataAccess", "..\..\Common\AVEVA.PA.DataAccess\AVEVA.PA.DataAccess.csproj", "{37ACBA1F-8F01-4E11-8147-80408027350A}"
EndProject
Project("{9A19103F-16F7-4668-BE54-9A1E7A4F7556}") = "AVEVA.PA.DataAccess.Models", "..\..\Common\AVEVA.PA.DataAccess.Models\AVEVA.PA.DataAccess.Models.csproj", "{3DFAF665-785B-4468-BC0E-2CC725FFE7E8}"
EndProject
Global
	GlobalSection(SolutionConfigurationPlatforms) = preSolution
		Debug|Any CPU = Debug|Any CPU
		Debug|x64 = Debug|x64
		Release|Any CPU = Release|Any CPU
		Release|x64 = Release|x64
	EndGlobalSection
	GlobalSection(ProjectConfigurationPlatforms) = postSolution
		{236CD3FA-7440-474C-994F-DD1FF94C488B}.Debug|Any CPU.ActiveCfg = Debug|x64
		{236CD3FA-7440-474C-994F-DD1FF94C488B}.Debug|Any CPU.Build.0 = Debug|x64
		{236CD3FA-7440-474C-994F-DD1FF94C488B}.Debug|x64.ActiveCfg = Debug|x64
		{236CD3FA-7440-474C-994F-DD1FF94C488B}.Debug|x64.Build.0 = Debug|x64
		{236CD3FA-7440-474C-994F-DD1FF94C488B}.Release|Any CPU.ActiveCfg = Release|Any CPU
		{236CD3FA-7440-474C-994F-DD1FF94C488B}.Release|Any CPU.Build.0 = Release|Any CPU
		{236CD3FA-7440-474C-994F-DD1FF94C488B}.Release|x64.ActiveCfg = Release|x64
		{236CD3FA-7440-474C-994F-DD1FF94C488B}.Release|x64.Build.0 = Release|x64
		{7219ABEF-7761-4F26-94B7-245450C3A809}.Debug|Any CPU.ActiveCfg = Debug|x64
		{7219ABEF-7761-4F26-94B7-245450C3A809}.Debug|Any CPU.Build.0 = Debug|x64
		{7219ABEF-7761-4F26-94B7-245450C3A809}.Debug|x64.ActiveCfg = Debug|x64
		{7219ABEF-7761-4F26-94B7-245450C3A809}.Debug|x64.Build.0 = Debug|x64
		{7219ABEF-7761-4F26-94B7-245450C3A809}.Release|Any CPU.ActiveCfg = Release|Any CPU
		{7219ABEF-7761-4F26-94B7-245450C3A809}.Release|Any CPU.Build.0 = Release|Any CPU
		{7219ABEF-7761-4F26-94B7-245450C3A809}.Release|x64.ActiveCfg = Release|x64
		{7219ABEF-7761-4F26-94B7-245450C3A809}.Release|x64.Build.0 = Release|x64
		{AACB5B41-7A4C-4C33-A0BB-8B450185158E}.Debug|Any CPU.ActiveCfg = Debug|x64
		{AACB5B41-7A4C-4C33-A0BB-8B450185158E}.Debug|Any CPU.Build.0 = Debug|x64
		{AACB5B41-7A4C-4C33-A0BB-8B450185158E}.Debug|x64.ActiveCfg = Debug|x64
		{AACB5B41-7A4C-4C33-A0BB-8B450185158E}.Debug|x64.Build.0 = Debug|x64
		{AACB5B41-7A4C-4C33-A0BB-8B450185158E}.Release|Any CPU.ActiveCfg = Release|Any CPU
		{AACB5B41-7A4C-4C33-A0BB-8B450185158E}.Release|Any CPU.Build.0 = Release|Any CPU
		{AACB5B41-7A4C-4C33-A0BB-8B450185158E}.Release|x64.ActiveCfg = Release|x64
		{AACB5B41-7A4C-4C33-A0BB-8B450185158E}.Release|x64.Build.0 = Release|x64
		{8ACC67DB-C361-4E2D-A2DE-95094BBB297D}.Debug|Any CPU.ActiveCfg = Debug|x64
		{8ACC67DB-C361-4E2D-A2DE-95094BBB297D}.Debug|Any CPU.Build.0 = Debug|x64
		{8ACC67DB-C361-4E2D-A2DE-95094BBB297D}.Debug|x64.ActiveCfg = Debug|x64
		{8ACC67DB-C361-4E2D-A2DE-95094BBB297D}.Debug|x64.Build.0 = Debug|x64
		{8ACC67DB-C361-4E2D-A2DE-95094BBB297D}.Release|Any CPU.ActiveCfg = Release|Any CPU
		{8ACC67DB-C361-4E2D-A2DE-95094BBB297D}.Release|Any CPU.Build.0 = Release|Any CPU
		{8ACC67DB-C361-4E2D-A2DE-95094BBB297D}.Release|x64.ActiveCfg = Release|x64
		{8ACC67DB-C361-4E2D-A2DE-95094BBB297D}.Release|x64.Build.0 = Release|x64
		{789DD3B8-8B21-4031-AF71-A4C949C9F027}.Debug|Any CPU.ActiveCfg = Debug|x64
		{789DD3B8-8B21-4031-AF71-A4C949C9F027}.Debug|Any CPU.Build.0 = Debug|x64
		{789DD3B8-8B21-4031-AF71-A4C949C9F027}.Debug|x64.ActiveCfg = Debug|x64
		{789DD3B8-8B21-4031-AF71-A4C949C9F027}.Debug|x64.Build.0 = Debug|x64
		{789DD3B8-8B21-4031-AF71-A4C949C9F027}.Release|Any CPU.ActiveCfg = Release|Any CPU
		{789DD3B8-8B21-4031-AF71-A4C949C9F027}.Release|Any CPU.Build.0 = Release|Any CPU
		{789DD3B8-8B21-4031-AF71-A4C949C9F027}.Release|x64.ActiveCfg = Release|x64
		{789DD3B8-8B21-4031-AF71-A4C949C9F027}.Release|x64.Build.0 = Release|x64
		{A289F9EA-1FC3-4891-8315-2730555251A8}.Debug|Any CPU.ActiveCfg = Debug|x64
		{A289F9EA-1FC3-4891-8315-2730555251A8}.Debug|Any CPU.Build.0 = Debug|x64
		{A289F9EA-1FC3-4891-8315-2730555251A8}.Debug|x64.ActiveCfg = Debug|x64
		{A289F9EA-1FC3-4891-8315-2730555251A8}.Debug|x64.Build.0 = Debug|x64
		{A289F9EA-1FC3-4891-8315-2730555251A8}.Release|Any CPU.ActiveCfg = Release|Any CPU
		{A289F9EA-1FC3-4891-8315-2730555251A8}.Release|Any CPU.Build.0 = Release|Any CPU
		{A289F9EA-1FC3-4891-8315-2730555251A8}.Release|x64.ActiveCfg = Release|x64
		{A289F9EA-1FC3-4891-8315-2730555251A8}.Release|x64.Build.0 = Release|x64
		{36C03827-C239-452E-893A-2EBA92FFBDA4}.Debug|Any CPU.ActiveCfg = Debug|x64
		{36C03827-C239-452E-893A-2EBA92FFBDA4}.Debug|Any CPU.Build.0 = Debug|x64
		{36C03827-C239-452E-893A-2EBA92FFBDA4}.Debug|x64.ActiveCfg = Debug|x64
		{36C03827-C239-452E-893A-2EBA92FFBDA4}.Debug|x64.Build.0 = Debug|x64
		{36C03827-C239-452E-893A-2EBA92FFBDA4}.Release|Any CPU.ActiveCfg = Release|Any CPU
		{36C03827-C239-452E-893A-2EBA92FFBDA4}.Release|Any CPU.Build.0 = Release|Any CPU
		{36C03827-C239-452E-893A-2EBA92FFBDA4}.Release|x64.ActiveCfg = Release|x64
		{36C03827-C239-452E-893A-2EBA92FFBDA4}.Release|x64.Build.0 = Release|x64
		{BC403E24-BD45-4876-96A0-8382ABFC86A4}.Debug|Any CPU.ActiveCfg = Debug|x64
		{BC403E24-BD45-4876-96A0-8382ABFC86A4}.Debug|Any CPU.Build.0 = Debug|x64
		{BC403E24-BD45-4876-96A0-8382ABFC86A4}.Debug|x64.ActiveCfg = Debug|x64
		{BC403E24-BD45-4876-96A0-8382ABFC86A4}.Debug|x64.Build.0 = Debug|x64
		{BC403E24-BD45-4876-96A0-8382ABFC86A4}.Release|Any CPU.ActiveCfg = Release|Any CPU
		{BC403E24-BD45-4876-96A0-8382ABFC86A4}.Release|Any CPU.Build.0 = Release|Any CPU
		{BC403E24-BD45-4876-96A0-8382ABFC86A4}.Release|x64.ActiveCfg = Release|x64
		{BC403E24-BD45-4876-96A0-8382ABFC86A4}.Release|x64.Build.0 = Release|x64
		{1E5D369C-9504-4CDD-AE1D-BEA41093852B}.Debug|Any CPU.ActiveCfg = Debug|x64
		{1E5D369C-9504-4CDD-AE1D-BEA41093852B}.Debug|Any CPU.Build.0 = Debug|x64
		{1E5D369C-9504-4CDD-AE1D-BEA41093852B}.Debug|x64.ActiveCfg = Debug|x64
		{1E5D369C-9504-4CDD-AE1D-BEA41093852B}.Debug|x64.Build.0 = Debug|x64
		{1E5D369C-9504-4CDD-AE1D-BEA41093852B}.Release|Any CPU.ActiveCfg = Release|Any CPU
		{1E5D369C-9504-4CDD-AE1D-BEA41093852B}.Release|Any CPU.Build.0 = Release|Any CPU
		{1E5D369C-9504-4CDD-AE1D-BEA41093852B}.Release|x64.ActiveCfg = Release|x64
		{1E5D369C-9504-4CDD-AE1D-BEA41093852B}.Release|x64.Build.0 = Release|x64
		{54ECF0A7-7528-41FA-9DFA-F786CD1982DF}.Debug|Any CPU.ActiveCfg = Debug|Any CPU
		{54ECF0A7-7528-41FA-9DFA-F786CD1982DF}.Debug|Any CPU.Build.0 = Debug|Any CPU
		{54ECF0A7-7528-41FA-9DFA-F786CD1982DF}.Debug|x64.ActiveCfg = Debug|x64
		{54ECF0A7-7528-41FA-9DFA-F786CD1982DF}.Debug|x64.Build.0 = Debug|x64
		{54ECF0A7-7528-41FA-9DFA-F786CD1982DF}.Release|Any CPU.ActiveCfg = Release|Any CPU
		{54ECF0A7-7528-41FA-9DFA-F786CD1982DF}.Release|Any CPU.Build.0 = Release|Any CPU
		{54ECF0A7-7528-41FA-9DFA-F786CD1982DF}.Release|x64.ActiveCfg = Release|x64
		{54ECF0A7-7528-41FA-9DFA-F786CD1982DF}.Release|x64.Build.0 = Release|x64
		{37ACBA1F-8F01-4E11-8147-80408027350A}.Debug|Any CPU.ActiveCfg = Debug|Any CPU
		{37ACBA1F-8F01-4E11-8147-80408027350A}.Debug|Any CPU.Build.0 = Debug|Any CPU
		{37ACBA1F-8F01-4E11-8147-80408027350A}.Debug|x64.ActiveCfg = Debug|x64
		{37ACBA1F-8F01-4E11-8147-80408027350A}.Debug|x64.Build.0 = Debug|x64
		{37ACBA1F-8F01-4E11-8147-80408027350A}.Release|Any CPU.ActiveCfg = Release|Any CPU
		{37ACBA1F-8F01-4E11-8147-80408027350A}.Release|Any CPU.Build.0 = Release|Any CPU
		{37ACBA1F-8F01-4E11-8147-80408027350A}.Release|x64.ActiveCfg = Release|x64
		{37ACBA1F-8F01-4E11-8147-80408027350A}.Release|x64.Build.0 = Release|x64
		{3DFAF665-785B-4468-BC0E-2CC725FFE7E8}.Debug|Any CPU.ActiveCfg = Debug|Any CPU
		{3DFAF665-785B-4468-BC0E-2CC725FFE7E8}.Debug|Any CPU.Build.0 = Debug|Any CPU
		{3DFAF665-785B-4468-BC0E-2CC725FFE7E8}.Debug|x64.ActiveCfg = Debug|x64
		{3DFAF665-785B-4468-BC0E-2CC725FFE7E8}.Debug|x64.Build.0 = Debug|x64
		{3DFAF665-785B-4468-BC0E-2CC725FFE7E8}.Release|Any CPU.ActiveCfg = Release|Any CPU
		{3DFAF665-785B-4468-BC0E-2CC725FFE7E8}.Release|Any CPU.Build.0 = Release|Any CPU
		{3DFAF665-785B-4468-BC0E-2CC725FFE7E8}.Release|x64.ActiveCfg = Release|x64
		{3DFAF665-785B-4468-BC0E-2CC725FFE7E8}.Release|x64.Build.0 = Release|x64
	EndGlobalSection
	GlobalSection(SolutionProperties) = preSolution
		HideSolutionNode = FALSE
	EndGlobalSection
	GlobalSection(NestedProjects) = preSolution
		{A289F9EA-1FC3-4891-8315-2730555251A8} = {3621FEB5-AFB4-4DDB-A38F-64B0508EB455}
		{36C03827-C239-452E-893A-2EBA92FFBDA4} = {3621FEB5-AFB4-4DDB-A38F-64B0508EB455}
		{BC403E24-BD45-4876-96A0-8382ABFC86A4} = {3621FEB5-AFB4-4DDB-A38F-64B0508EB455}
		{1E5D369C-9504-4CDD-AE1D-BEA41093852B} = {ADE504B7-55CE-4355-A293-C42F4B0A006B}
		{54ECF0A7-7528-41FA-9DFA-F786CD1982DF} = {3621FEB5-AFB4-4DDB-A38F-64B0508EB455}
		{37ACBA1F-8F01-4E11-8147-80408027350A} = {3621FEB5-AFB4-4DDB-A38F-64B0508EB455}
		{3DFAF665-785B-4468-BC0E-2CC725FFE7E8} = {3621FEB5-AFB4-4DDB-A38F-64B0508EB455}
	EndGlobalSection
	GlobalSection(ExtensibilityGlobals) = postSolution
		SolutionGuid = {4BC7F97F-20F4-46F9-ACDF-D6423254A319}
	EndGlobalSection
EndGlobal
